
Microsoft Visual Studio Solution File, Format Version 12.00
# Visual Studio Version 17
VisualStudioVersion = 17.7.34018.315
MinimumVisualStudioVersion = 10.0.40219.1
Project("{FAE04EC0-301F-11D3-BF4B-00C04F79EFBC}") = "ClienteFinal", "ClienteFinal\ClienteFinal.csproj", "{E1DCFF94-4A85-40C1-BED7-FBE2C45D5A14}"
EndProject
Global
	GlobalSection(SolutionConfigurationPlatforms) = preSolution
		Debug|Any CPU = Debug|Any CPU
		Release|Any CPU = Release|Any CPU
	EndGlobalSection
	GlobalSection(ProjectConfigurationPlatforms) = postSolution
		{E1DCFF94-4A85-40C1-BED7-FBE2C45D5A14}.Debug|Any CPU.ActiveCfg = Debug|Any CPU
		{E1DCFF94-4A85-40C1-BED7-FBE2C45D5A14}.Debug|Any CPU.Build.0 = Debug|Any CPU
		{E1DCFF94-4A85-40C1-BED7-FBE2C45D5A14}.Release|Any CPU.ActiveCfg = Release|Any CPU
		{E1DCFF94-4A85-40C1-BED7-FBE2C45D5A14}.Release|Any CPU.Build.0 = Release|Any CPU
	EndGlobalSection
	GlobalSection(SolutionProperties) = preSolution
		HideSolutionNode = FALSE
	EndGlobalSection
	GlobalSection(ExtensibilityGlobals) = postSolution
		SolutionGuid = {0E12C42E-F845-4955-A35C-E2AA4C37A6F2}
	EndGlobalSection
EndGlobal
